
Microsoft Visual Studio Solution File, Format Version 12.00
# Visual Studio 15
VisualStudioVersion = 15.0.26114.2
MinimumVisualStudioVersion = 10.0.40219.1
Project("{2150E333-8FDC-42A3-9474-1A3956D46DE8}") = "src", "src", "{BFC3FBDC-6AB0-447B-AD33-DF1ED8D3F690}"
EndProject
Project("{FAE04EC0-301F-11D3-BF4B-00C04F79EFBC}") = "SchoolAPI", "src\SchoolAPI\SchoolAPI.csproj", "{51FBD7D4-C1EA-4038-8DEB-6A85758B544A}"
EndProject
Project("{FAE04EC0-301F-11D3-BF4B-00C04F79EFBC}") = "SchoolClient", "src\SchoolClient\SchoolClient.csproj", "{BD452745-D031-41AD-946C-E873EA9C3A1D}"
EndProject
Global
	GlobalSection(SolutionConfigurationPlatforms) = preSolution
		Debug|Any CPU = Debug|Any CPU
		Release|Any CPU = Release|Any CPU
	EndGlobalSection
	GlobalSection(ProjectConfigurationPlatforms) = postSolution
		{51FBD7D4-C1EA-4038-8DEB-6A85758B544A}.Debug|Any CPU.ActiveCfg = Debug|Any CPU
		{51FBD7D4-C1EA-4038-8DEB-6A85758B544A}.Debug|Any CPU.Build.0 = Debug|Any CPU
		{51FBD7D4-C1EA-4038-8DEB-6A85758B544A}.Release|Any CPU.ActiveCfg = Release|Any CPU
		{51FBD7D4-C1EA-4038-8DEB-6A85758B544A}.Release|Any CPU.Build.0 = Release|Any CPU
		{BD452745-D031-41AD-946C-E873EA9C3A1D}.Debug|Any CPU.ActiveCfg = Debug|Any CPU
		{BD452745-D031-41AD-946C-E873EA9C3A1D}.Debug|Any CPU.Build.0 = Debug|Any CPU
		{BD452745-D031-41AD-946C-E873EA9C3A1D}.Release|Any CPU.ActiveCfg = Release|Any CPU
		{BD452745-D031-41AD-946C-E873EA9C3A1D}.Release|Any CPU.Build.0 = Release|Any CPU
	EndGlobalSection
	GlobalSection(SolutionProperties) = preSolution
		HideSolutionNode = FALSE
	EndGlobalSection
	GlobalSection(NestedProjects) = preSolution
		{51FBD7D4-C1EA-4038-8DEB-6A85758B544A} = {BFC3FBDC-6AB0-447B-AD33-DF1ED8D3F690}
		{BD452745-D031-41AD-946C-E873EA9C3A1D} = {BFC3FBDC-6AB0-447B-AD33-DF1ED8D3F690}
	EndGlobalSection
EndGlobal
